
Microsoft Visual Studio Solution File, Format Version 12.00
# Visual Studio Version 16
VisualStudioVersion = 16.0.31911.196
MinimumVisualStudioVersion = 10.0.40219.1
Project("{FAE04EC0-301F-11D3-BF4B-00C04F79EFBC}") = "PrepareDemo", "PrepareDemo\PrepareDemo.csproj", "{856DC257-CA7E-4509-8363-583957FA3AF2}"
EndProject
Global
	GlobalSection(SolutionConfigurationPlatforms) = preSolution
		Debug|Any CPU = Debug|Any CPU
		Release|Any CPU = Release|Any CPU
	EndGlobalSection
	GlobalSection(ProjectConfigurationPlatforms) = postSolution
		{856DC257-CA7E-4509-8363-583957FA3AF2}.Debug|Any CPU.ActiveCfg = Debug|Any CPU
		{856DC257-CA7E-4509-8363-583957FA3AF2}.Debug|Any CPU.Build.0 = Debug|Any CPU
		{856DC257-CA7E-4509-8363-583957FA3AF2}.Release|Any CPU.ActiveCfg = Release|Any CPU
		{856DC257-CA7E-4509-8363-583957FA3AF2}.Release|Any CPU.Build.0 = Release|Any CPU
	EndGlobalSection
	GlobalSection(SolutionProperties) = preSolution
		HideSolutionNode = FALSE
	EndGlobalSection
	GlobalSection(ExtensibilityGlobals) = postSolution
		SolutionGuid = {B65AA7E9-1C4F-4FAD-A43B-A08694913441}
	EndGlobalSection
EndGlobal
